
Microsoft Visual Studio Solution File, Format Version 12.00
# Visual Studio Version 17
VisualStudioVersion = 17.9.34728.123
MinimumVisualStudioVersion = 10.0.40219.1
Project("{FAE04EC0-301F-11D3-BF4B-00C04F79EFBC}") = "CS_form", "CS_form\CS_form.csproj", "{98C81DD2-EE52-47E2-B04B-3641527007D1}"
EndProject
Global
	GlobalSection(SolutionConfigurationPlatforms) = preSolution
		Debug|Any CPU = Debug|Any CPU
		Release|Any CPU = Release|Any CPU
	EndGlobalSection
	GlobalSection(ProjectConfigurationPlatforms) = postSolution
		{98C81DD2-EE52-47E2-B04B-3641527007D1}.Debug|Any CPU.ActiveCfg = Debug|Any CPU
		{98C81DD2-EE52-47E2-B04B-3641527007D1}.Debug|Any CPU.Build.0 = Debug|Any CPU
		{98C81DD2-EE52-47E2-B04B-3641527007D1}.Release|Any CPU.ActiveCfg = Release|Any CPU
		{98C81DD2-EE52-47E2-B04B-3641527007D1}.Release|Any CPU.Build.0 = Release|Any CPU
	EndGlobalSection
	GlobalSection(SolutionProperties) = preSolution
		HideSolutionNode = FALSE
	EndGlobalSection
	GlobalSection(ExtensibilityGlobals) = postSolution
		SolutionGuid = {4746CE55-A5D0-4A1A-B2C5-2D62796B4FF4}
	EndGlobalSection
EndGlobal
